
Microsoft Visual Studio Solution File, Format Version 12.00
# Visual Studio Version 17
VisualStudioVersion = 17.3.32922.545
MinimumVisualStudioVersion = 10.0.40219.1
Project("{FAE04EC0-301F-11D3-BF4B-00C04F79EFBC}") = "Colors", "Colors\Colors.csproj", "{CD6B3360-B222-4C35-B944-7181DDB45109}"
EndProject
Project("{2150E333-8FDC-42A3-9474-1A3956D46DE8}") = "Элементы решения", "Элементы решения", "{B75BE6AD-5A89-4283-BF3E-759E5BD25631}"
EndProject
Global
	GlobalSection(SolutionConfigurationPlatforms) = preSolution
		Debug|Any CPU = Debug|Any CPU
		Release|Any CPU = Release|Any CPU
	EndGlobalSection
	GlobalSection(ProjectConfigurationPlatforms) = postSolution
		{CD6B3360-B222-4C35-B944-7181DDB45109}.Debug|Any CPU.ActiveCfg = Debug|Any CPU
		{CD6B3360-B222-4C35-B944-7181DDB45109}.Debug|Any CPU.Build.0 = Debug|Any CPU
		{CD6B3360-B222-4C35-B944-7181DDB45109}.Release|Any CPU.ActiveCfg = Release|Any CPU
		{CD6B3360-B222-4C35-B944-7181DDB45109}.Release|Any CPU.Build.0 = Release|Any CPU
	EndGlobalSection
	GlobalSection(SolutionProperties) = preSolution
		HideSolutionNode = FALSE
	EndGlobalSection
	GlobalSection(ExtensibilityGlobals) = postSolution
		SolutionGuid = {43E7BB4C-4B88-4D51-9B5A-6E8BB112828A}
	EndGlobalSection
EndGlobal
